// !$*UTF8*$!
{
	archiveVersion = 1;
	classes = {
	};
	objectVersion = 56;
	objects = {

/* Begin PBXBuildFile section */
		B60C59D42C0DFE2E008B98D4 /* DeepBlueGradient.swift in Sources */ = {isa = PBXBuildFile; fileRef = B60C59D32C0DFE2E008B98D4 /* DeepBlueGradient.swift */; };
		B60C59D62C0E00C9008B98D4 /* Playbacktest.swift in Sources */ = {isa = PBXBuildFile; fileRef = B60C59D52C0E00C9008B98D4 /* Playbacktest.swift */; };
		B60C59DA2C0E15F4008B98D4 /* ActivityView.swift in Sources */ = {isa = PBXBuildFile; fileRef = B60C59D92C0E15F4008B98D4 /* ActivityView.swift */; };
		B60C59DC2C0E1638008B98D4 /* PlayerView.swift in Sources */ = {isa = PBXBuildFile; fileRef = B60C59DB2C0E1638008B98D4 /* PlayerView.swift */; };
		B60C59DE2C0E777F008B98D4 /* MusicPermission.swift in Sources */ = {isa = PBXBuildFile; fileRef = B60C59DD2C0E777F008B98D4 /* MusicPermission.swift */; };
		B60C59E02C0E7DE4008B98D4 /* StatsView.swift in Sources */ = {isa = PBXBuildFile; fileRef = B60C59DF2C0E7DE4008B98D4 /* StatsView.swift */; };
		B60C5A052C0F32AA008B98D4 /* Logger.swift in Sources */ = {isa = PBXBuildFile; fileRef = B60C5A042C0F32AA008B98D4 /* Logger.swift */; };
		B60C5A072C0F32F9008B98D4 /* HKWorkout+Statistics.swift in Sources */ = {isa = PBXBuildFile; fileRef = B60C5A062C0F32F9008B98D4 /* HKWorkout+Statistics.swift */; };
		B60C5A0B2C0F3444008B98D4 /* WorkoutManager+iOS.swift in Sources */ = {isa = PBXBuildFile; fileRef = B60C5A0A2C0F3444008B98D4 /* WorkoutManager+iOS.swift */; };
		B60C5A132C0F34DA008B98D4 /* MouseProjectWatchApp.swift in Sources */ = {isa = PBXBuildFile; fileRef = B60C5A122C0F34DA008B98D4 /* MouseProjectWatchApp.swift */; };
		B60C5A152C0F34DA008B98D4 /* ContentView.swift in Sources */ = {isa = PBXBuildFile; fileRef = B60C5A142C0F34DA008B98D4 /* ContentView.swift */; };
		B60C5A172C0F34DB008B98D4 /* Assets.xcassets in Resources */ = {isa = PBXBuildFile; fileRef = B60C5A162C0F34DB008B98D4 /* Assets.xcassets */; };
		B60C5A1A2C0F34DB008B98D4 /* Preview Assets.xcassets in Resources */ = {isa = PBXBuildFile; fileRef = B60C5A192C0F34DB008B98D4 /* Preview Assets.xcassets */; };
		B60C5A1D2C0F34DB008B98D4 /* MouseProjectWatch Watch App.app in Embed Watch Content */ = {isa = PBXBuildFile; fileRef = B60C5A102C0F34DA008B98D4 /* MouseProjectWatch Watch App.app */; settings = {ATTRIBUTES = (RemoveHeadersOnCopy, ); }; };
		B60C5A232C0F35BB008B98D4 /* WorkoutManager+watchOS.swift in Sources */ = {isa = PBXBuildFile; fileRef = B60C5A082C0F3405008B98D4 /* WorkoutManager+watchOS.swift */; };
		B60C5A252C0F3635008B98D4 /* MetricsTimelineSchedule.swift in Sources */ = {isa = PBXBuildFile; fileRef = B60C5A242C0F3635008B98D4 /* MetricsTimelineSchedule.swift */; };
		B60C5A272C0F580F008B98D4 /* AppDelegate.swift in Sources */ = {isa = PBXBuildFile; fileRef = B60C5A262C0F580F008B98D4 /* AppDelegate.swift */; };
		B60C5A282C0F582C008B98D4 /* WorkoutManager.swift in Sources */ = {isa = PBXBuildFile; fileRef = B63015A52C0774370095A695 /* WorkoutManager.swift */; };
		B60C5A2A2C0F585C008B98D4 /* Logger.swift in Sources */ = {isa = PBXBuildFile; fileRef = B60C5A042C0F32AA008B98D4 /* Logger.swift */; };
		B60C5A2C2C0F5893008B98D4 /* PagingView.swift in Sources */ = {isa = PBXBuildFile; fileRef = B60C5A2B2C0F5893008B98D4 /* PagingView.swift */; };
		B60C5A2E2C0F58A9008B98D4 /* ControlsView.swift in Sources */ = {isa = PBXBuildFile; fileRef = B60C5A2D2C0F58A9008B98D4 /* ControlsView.swift */; };
		B60C5A302C0F58E0008B98D4 /* ButtonLabel.swift in Sources */ = {isa = PBXBuildFile; fileRef = B60C5A2F2C0F58E0008B98D4 /* ButtonLabel.swift */; };
		B60C5A312C0F58ED008B98D4 /* ButtonLabel.swift in Sources */ = {isa = PBXBuildFile; fileRef = B60C5A2F2C0F58E0008B98D4 /* ButtonLabel.swift */; };
		B60C5A332C0F590A008B98D4 /* MetricsView.swift in Sources */ = {isa = PBXBuildFile; fileRef = B60C5A322C0F590A008B98D4 /* MetricsView.swift */; };
		B60C5A352C0F5938008B98D4 /* SummaryView.swift in Sources */ = {isa = PBXBuildFile; fileRef = B60C5A342C0F5938008B98D4 /* SummaryView.swift */; };
		B60C5A372C0F5970008B98D4 /* ElapsedTime.swift in Sources */ = {isa = PBXBuildFile; fileRef = B60C5A362C0F5970008B98D4 /* ElapsedTime.swift */; };
		B60C5A382C0F5996008B98D4 /* MetricsTimelineSchedule.swift in Sources */ = {isa = PBXBuildFile; fileRef = B60C5A242C0F3635008B98D4 /* MetricsTimelineSchedule.swift */; };
		B60C5A392C0F59B3008B98D4 /* HKWorkout+Statistics.swift in Sources */ = {isa = PBXBuildFile; fileRef = B60C5A062C0F32F9008B98D4 /* HKWorkout+Statistics.swift */; };
		B60C5A3A2C0F5CC0008B98D4 /* ElapsedTime.swift in Sources */ = {isa = PBXBuildFile; fileRef = B60C5A362C0F5970008B98D4 /* ElapsedTime.swift */; };
		B60C5A3C2C0F66ED008B98D4 /* Performance Bar.swift in Sources */ = {isa = PBXBuildFile; fileRef = B60C5A3B2C0F66ED008B98D4 /* Performance Bar.swift */; };
		B60C5A3E2C0F6F23008B98D4 /* WrappedView.swift in Sources */ = {isa = PBXBuildFile; fileRef = B60C5A3D2C0F6F23008B98D4 /* WrappedView.swift */; };
		B63015472BFBBEED0095A695 /* MouseProjectApp.swift in Sources */ = {isa = PBXBuildFile; fileRef = B63015462BFBBEED0095A695 /* MouseProjectApp.swift */; };
		B630154B2BFBBEEF0095A695 /* Assets.xcassets in Resources */ = {isa = PBXBuildFile; fileRef = B630154A2BFBBEEF0095A695 /* Assets.xcassets */; };
		B630154E2BFBBEEF0095A695 /* Preview Assets.xcassets in Resources */ = {isa = PBXBuildFile; fileRef = B630154D2BFBBEEF0095A695 /* Preview Assets.xcassets */; };
		B63015602BFBCCF40095A695 /* LoginView.swift in Sources */ = {isa = PBXBuildFile; fileRef = B630155F2BFBCCF40095A695 /* LoginView.swift */; };
		B63015632BFBCDC20095A695 /* FirebaseAuth in Frameworks */ = {isa = PBXBuildFile; productRef = B63015622BFBCDC20095A695 /* FirebaseAuth */; };
		B63015652BFBCDF50095A695 /* GoogleService-Info.plist in Resources */ = {isa = PBXBuildFile; fileRef = B63015642BFBCDF50095A695 /* GoogleService-Info.plist */; };
		B63015682BFBCEDB0095A695 /* AuthManager.swift in Sources */ = {isa = PBXBuildFile; fileRef = B63015672BFBCEDB0095A695 /* AuthManager.swift */; };
		B630157E2C06283B0095A695 /* RunView.swift in Sources */ = {isa = PBXBuildFile; fileRef = B630157D2C06283B0095A695 /* RunView.swift */; };
		B63015802C0635FC0095A695 /* CuratedRun.swift in Sources */ = {isa = PBXBuildFile; fileRef = B630157F2C0635FC0095A695 /* CuratedRun.swift */; };
		B63015882C0638890095A695 /* DetailRunView.swift in Sources */ = {isa = PBXBuildFile; fileRef = B63015872C0638890095A695 /* DetailRunView.swift */; };
		B630158A2C0660C80095A695 /* WelcomeView.swift in Sources */ = {isa = PBXBuildFile; fileRef = B63015892C0660C80095A695 /* WelcomeView.swift */; };
		B630158C2C06643E0095A695 /* RollingView.swift in Sources */ = {isa = PBXBuildFile; fileRef = B630158B2C06643E0095A695 /* RollingView.swift */; };
		B63015922C066BBE0095A695 /* GetStarted.swift in Sources */ = {isa = PBXBuildFile; fileRef = B63015912C066BBE0095A695 /* GetStarted.swift */; };
		B63015942C066DD80095A695 /* HomeHeader.swift in Sources */ = {isa = PBXBuildFile; fileRef = B63015932C066DD80095A695 /* HomeHeader.swift */; };
		B63015962C06773B0095A695 /* TrainingPlanItem.swift in Sources */ = {isa = PBXBuildFile; fileRef = B63015952C06773B0095A695 /* TrainingPlanItem.swift */; };
		B63015982C07428E0095A695 /* DataResponse.swift in Sources */ = {isa = PBXBuildFile; fileRef = B63015972C07428E0095A695 /* DataResponse.swift */; };
		B630159B2C0745700095A695 /* GraphQLResult.swift in Sources */ = {isa = PBXBuildFile; fileRef = B630159A2C0745700095A695 /* GraphQLResult.swift */; };
		B630159D2C0745940095A695 /* GraphQLAPI.swift in Sources */ = {isa = PBXBuildFile; fileRef = B630159C2C0745940095A695 /* GraphQLAPI.swift */; };
		B630159F2C0745C00095A695 /* APIService.swift in Sources */ = {isa = PBXBuildFile; fileRef = B630159E2C0745C00095A695 /* APIService.swift */; };
		B63015A12C0745DB0095A695 /* URLSession+Async.swift in Sources */ = {isa = PBXBuildFile; fileRef = B63015A02C0745DB0095A695 /* URLSession+Async.swift */; };
		B63015A32C07460D0095A695 /* GraphQLOperation.swift in Sources */ = {isa = PBXBuildFile; fileRef = B63015A22C07460D0095A695 /* GraphQLOperation.swift */; };
		B63015A62C0774370095A695 /* WorkoutManager.swift in Sources */ = {isa = PBXBuildFile; fileRef = B63015A52C0774370095A695 /* WorkoutManager.swift */; };
		B63015AB2C0779B50095A695 /* HealthPermission.swift in Sources */ = {isa = PBXBuildFile; fileRef = B63015AA2C0779B50095A695 /* HealthPermission.swift */; };
		B63015AE2C077DBB0095A695 /* PermissionDetails.swift in Sources */ = {isa = PBXBuildFile; fileRef = B63015AD2C077DBB0095A695 /* PermissionDetails.swift */; };
		B63015B02C0799C10095A695 /* LocationViewModel.swift in Sources */ = {isa = PBXBuildFile; fileRef = B63015AF2C0799C10095A695 /* LocationViewModel.swift */; };
		B63015B52C0A5C4E0095A695 /* TrainingPlan.swift in Sources */ = {isa = PBXBuildFile; fileRef = B63015B42C0A5C4E0095A695 /* TrainingPlan.swift */; };
		B63015B72C0A71A60095A695 /* WeeklyRuns.swift in Sources */ = {isa = PBXBuildFile; fileRef = B63015B62C0A71A60095A695 /* WeeklyRuns.swift */; };
		B6762E3F2C0B7E01004DE857 /* GoalPicker.swift in Sources */ = {isa = PBXBuildFile; fileRef = B6762E3E2C0B7E01004DE857 /* GoalPicker.swift */; };
		B6762E412C0B8144004DE857 /* PlanPicker.swift in Sources */ = {isa = PBXBuildFile; fileRef = B6762E402C0B8144004DE857 /* PlanPicker.swift */; };
		B6762E432C0B9D62004DE857 /* HomeView.swift in Sources */ = {isa = PBXBuildFile; fileRef = B6762E422C0B9D62004DE857 /* HomeView.swift */; };
		B6762E452C0BBA85004DE857 /* TrackView.swift in Sources */ = {isa = PBXBuildFile; fileRef = B6762E442C0BBA85004DE857 /* TrackView.swift */; };
		B6762E4C2C0D031F004DE857 /* MusicManager.swift in Sources */ = {isa = PBXBuildFile; fileRef = B6762E4B2C0D031F004DE857 /* MusicManager.swift */; };
/* End PBXBuildFile section */

/* Begin PBXContainerItemProxy section */
		B60C5A1B2C0F34DB008B98D4 /* PBXContainerItemProxy */ = {
			isa = PBXContainerItemProxy;
			containerPortal = B630153B2BFBBEED0095A695 /* Project object */;
			proxyType = 1;
			remoteGlobalIDString = B60C5A0F2C0F34DA008B98D4;
			remoteInfo = "MouseProjectWatch Watch App";
		};
/* End PBXContainerItemProxy section */

/* Begin PBXCopyFilesBuildPhase section */
		B60C59F62C0E84B7008B98D4 /* Embed Watch Content */ = {
			isa = PBXCopyFilesBuildPhase;
			buildActionMask = 2147483647;
			dstPath = "$(CONTENTS_FOLDER_PATH)/Watch";
			dstSubfolderSpec = 16;
			files = (
				B60C5A1D2C0F34DB008B98D4 /* MouseProjectWatch Watch App.app in Embed Watch Content */,
			);
			name = "Embed Watch Content";
			runOnlyForDeploymentPostprocessing = 0;
		};
/* End PBXCopyFilesBuildPhase section */

/* Begin PBXFileReference section */
		B60C59D32C0DFE2E008B98D4 /* DeepBlueGradient.swift */ = {isa = PBXFileReference; lastKnownFileType = sourcecode.swift; path = DeepBlueGradient.swift; sourceTree = "<group>"; };
		B60C59D52C0E00C9008B98D4 /* Playbacktest.swift */ = {isa = PBXFileReference; lastKnownFileType = sourcecode.swift; path = Playbacktest.swift; sourceTree = "<group>"; };
		B60C59D92C0E15F4008B98D4 /* ActivityView.swift */ = {isa = PBXFileReference; lastKnownFileType = sourcecode.swift; path = ActivityView.swift; sourceTree = "<group>"; };
		B60C59DB2C0E1638008B98D4 /* PlayerView.swift */ = {isa = PBXFileReference; lastKnownFileType = sourcecode.swift; path = PlayerView.swift; sourceTree = "<group>"; };
		B60C59DD2C0E777F008B98D4 /* MusicPermission.swift */ = {isa = PBXFileReference; lastKnownFileType = sourcecode.swift; path = MusicPermission.swift; sourceTree = "<group>"; };
		B60C59DF2C0E7DE4008B98D4 /* StatsView.swift */ = {isa = PBXFileReference; lastKnownFileType = sourcecode.swift; path = StatsView.swift; sourceTree = "<group>"; };
		B60C5A042C0F32AA008B98D4 /* Logger.swift */ = {isa = PBXFileReference; lastKnownFileType = sourcecode.swift; path = Logger.swift; sourceTree = "<group>"; };
		B60C5A062C0F32F9008B98D4 /* HKWorkout+Statistics.swift */ = {isa = PBXFileReference; lastKnownFileType = sourcecode.swift; path = "HKWorkout+Statistics.swift"; sourceTree = "<group>"; };
		B60C5A082C0F3405008B98D4 /* WorkoutManager+watchOS.swift */ = {isa = PBXFileReference; lastKnownFileType = sourcecode.swift; path = "WorkoutManager+watchOS.swift"; sourceTree = "<group>"; };
		B60C5A0A2C0F3444008B98D4 /* WorkoutManager+iOS.swift */ = {isa = PBXFileReference; lastKnownFileType = sourcecode.swift; path = "WorkoutManager+iOS.swift"; sourceTree = "<group>"; };
		B60C5A102C0F34DA008B98D4 /* MouseProjectWatch Watch App.app */ = {isa = PBXFileReference; explicitFileType = wrapper.application; includeInIndex = 0; path = "MouseProjectWatch Watch App.app"; sourceTree = BUILT_PRODUCTS_DIR; };
		B60C5A122C0F34DA008B98D4 /* MouseProjectWatchApp.swift */ = {isa = PBXFileReference; lastKnownFileType = sourcecode.swift; path = MouseProjectWatchApp.swift; sourceTree = "<group>"; };
		B60C5A142C0F34DA008B98D4 /* ContentView.swift */ = {isa = PBXFileReference; lastKnownFileType = sourcecode.swift; path = ContentView.swift; sourceTree = "<group>"; };
		B60C5A162C0F34DB008B98D4 /* Assets.xcassets */ = {isa = PBXFileReference; lastKnownFileType = folder.assetcatalog; path = Assets.xcassets; sourceTree = "<group>"; };
		B60C5A192C0F34DB008B98D4 /* Preview Assets.xcassets */ = {isa = PBXFileReference; lastKnownFileType = folder.assetcatalog; path = "Preview Assets.xcassets"; sourceTree = "<group>"; };
		B60C5A212C0F351D008B98D4 /* MouseProjectWatch Watch App.entitlements */ = {isa = PBXFileReference; lastKnownFileType = text.plist.entitlements; path = "MouseProjectWatch Watch App.entitlements"; sourceTree = "<group>"; };
		B60C5A222C0F3528008B98D4 /* MouseProjectWatch-Watch-App-Info.plist */ = {isa = PBXFileReference; lastKnownFileType = text.plist; path = "MouseProjectWatch-Watch-App-Info.plist"; sourceTree = SOURCE_ROOT; };
		B60C5A242C0F3635008B98D4 /* MetricsTimelineSchedule.swift */ = {isa = PBXFileReference; lastKnownFileType = sourcecode.swift; path = MetricsTimelineSchedule.swift; sourceTree = "<group>"; };
		B60C5A262C0F580F008B98D4 /* AppDelegate.swift */ = {isa = PBXFileReference; lastKnownFileType = sourcecode.swift; path = AppDelegate.swift; sourceTree = "<group>"; };
		B60C5A2B2C0F5893008B98D4 /* PagingView.swift */ = {isa = PBXFileReference; lastKnownFileType = sourcecode.swift; path = PagingView.swift; sourceTree = "<group>"; };
		B60C5A2D2C0F58A9008B98D4 /* ControlsView.swift */ = {isa = PBXFileReference; lastKnownFileType = sourcecode.swift; path = ControlsView.swift; sourceTree = "<group>"; };
		B60C5A2F2C0F58E0008B98D4 /* ButtonLabel.swift */ = {isa = PBXFileReference; lastKnownFileType = sourcecode.swift; path = ButtonLabel.swift; sourceTree = "<group>"; };
		B60C5A322C0F590A008B98D4 /* MetricsView.swift */ = {isa = PBXFileReference; lastKnownFileType = sourcecode.swift; path = MetricsView.swift; sourceTree = "<group>"; };
		B60C5A342C0F5938008B98D4 /* SummaryView.swift */ = {isa = PBXFileReference; lastKnownFileType = sourcecode.swift; path = SummaryView.swift; sourceTree = "<group>"; };
		B60C5A362C0F5970008B98D4 /* ElapsedTime.swift */ = {isa = PBXFileReference; lastKnownFileType = sourcecode.swift; path = ElapsedTime.swift; sourceTree = "<group>"; };
		B60C5A3B2C0F66ED008B98D4 /* Performance Bar.swift */ = {isa = PBXFileReference; lastKnownFileType = sourcecode.swift; path = "Performance Bar.swift"; sourceTree = "<group>"; };
		B60C5A3D2C0F6F23008B98D4 /* WrappedView.swift */ = {isa = PBXFileReference; lastKnownFileType = sourcecode.swift; path = WrappedView.swift; sourceTree = "<group>"; };
		B63015432BFBBEED0095A695 /* MouseProject.app */ = {isa = PBXFileReference; explicitFileType = wrapper.application; includeInIndex = 0; path = MouseProject.app; sourceTree = BUILT_PRODUCTS_DIR; };
		B63015462BFBBEED0095A695 /* MouseProjectApp.swift */ = {isa = PBXFileReference; lastKnownFileType = sourcecode.swift; path = MouseProjectApp.swift; sourceTree = "<group>"; };
		B630154A2BFBBEEF0095A695 /* Assets.xcassets */ = {isa = PBXFileReference; lastKnownFileType = folder.assetcatalog; path = Assets.xcassets; sourceTree = "<group>"; };
		B630154D2BFBBEEF0095A695 /* Preview Assets.xcassets */ = {isa = PBXFileReference; lastKnownFileType = folder.assetcatalog; path = "Preview Assets.xcassets"; sourceTree = "<group>"; };
		B630155F2BFBCCF40095A695 /* LoginView.swift */ = {isa = PBXFileReference; lastKnownFileType = sourcecode.swift; path = LoginView.swift; sourceTree = "<group>"; };
		B63015642BFBCDF50095A695 /* GoogleService-Info.plist */ = {isa = PBXFileReference; fileEncoding = 4; lastKnownFileType = text.plist.xml; path = "GoogleService-Info.plist"; sourceTree = "<group>"; };
		B63015672BFBCEDB0095A695 /* AuthManager.swift */ = {isa = PBXFileReference; lastKnownFileType = sourcecode.swift; path = AuthManager.swift; sourceTree = "<group>"; };
		B630157D2C06283B0095A695 /* RunView.swift */ = {isa = PBXFileReference; lastKnownFileType = sourcecode.swift; path = RunView.swift; sourceTree = "<group>"; };
		B630157F2C0635FC0095A695 /* CuratedRun.swift */ = {isa = PBXFileReference; lastKnownFileType = sourcecode.swift; path = CuratedRun.swift; sourceTree = "<group>"; };
		B63015872C0638890095A695 /* DetailRunView.swift */ = {isa = PBXFileReference; lastKnownFileType = sourcecode.swift; path = DetailRunView.swift; sourceTree = "<group>"; };
		B63015892C0660C80095A695 /* WelcomeView.swift */ = {isa = PBXFileReference; lastKnownFileType = sourcecode.swift; path = WelcomeView.swift; sourceTree = "<group>"; };
		B630158B2C06643E0095A695 /* RollingView.swift */ = {isa = PBXFileReference; lastKnownFileType = sourcecode.swift; path = RollingView.swift; sourceTree = "<group>"; };
		B63015912C066BBE0095A695 /* GetStarted.swift */ = {isa = PBXFileReference; lastKnownFileType = sourcecode.swift; path = GetStarted.swift; sourceTree = "<group>"; };
		B63015932C066DD80095A695 /* HomeHeader.swift */ = {isa = PBXFileReference; lastKnownFileType = sourcecode.swift; path = HomeHeader.swift; sourceTree = "<group>"; };
		B63015952C06773B0095A695 /* TrainingPlanItem.swift */ = {isa = PBXFileReference; lastKnownFileType = sourcecode.swift; path = TrainingPlanItem.swift; sourceTree = "<group>"; };
		B63015972C07428E0095A695 /* DataResponse.swift */ = {isa = PBXFileReference; lastKnownFileType = sourcecode.swift; path = DataResponse.swift; sourceTree = "<group>"; };
		B630159A2C0745700095A695 /* GraphQLResult.swift */ = {isa = PBXFileReference; lastKnownFileType = sourcecode.swift; path = GraphQLResult.swift; sourceTree = "<group>"; };
		B630159C2C0745940095A695 /* GraphQLAPI.swift */ = {isa = PBXFileReference; lastKnownFileType = sourcecode.swift; path = GraphQLAPI.swift; sourceTree = "<group>"; };
		B630159E2C0745C00095A695 /* APIService.swift */ = {isa = PBXFileReference; lastKnownFileType = sourcecode.swift; path = APIService.swift; sourceTree = "<group>"; };
		B63015A02C0745DB0095A695 /* URLSession+Async.swift */ = {isa = PBXFileReference; lastKnownFileType = sourcecode.swift; path = "URLSession+Async.swift"; sourceTree = "<group>"; };
		B63015A22C07460D0095A695 /* GraphQLOperation.swift */ = {isa = PBXFileReference; lastKnownFileType = sourcecode.swift; path = GraphQLOperation.swift; sourceTree = "<group>"; };
		B63015A52C0774370095A695 /* WorkoutManager.swift */ = {isa = PBXFileReference; lastKnownFileType = sourcecode.swift; path = WorkoutManager.swift; sourceTree = "<group>"; };
		B63015A92C0778D00095A695 /* Info.plist */ = {isa = PBXFileReference; lastKnownFileType = text.plist; path = Info.plist; sourceTree = "<group>"; };
		B63015AA2C0779B50095A695 /* HealthPermission.swift */ = {isa = PBXFileReference; lastKnownFileType = sourcecode.swift; path = HealthPermission.swift; sourceTree = "<group>"; };
		B63015AC2C077C280095A695 /* MouseProject.entitlements */ = {isa = PBXFileReference; lastKnownFileType = text.plist.entitlements; path = MouseProject.entitlements; sourceTree = "<group>"; };
		B63015AD2C077DBB0095A695 /* PermissionDetails.swift */ = {isa = PBXFileReference; lastKnownFileType = sourcecode.swift; path = PermissionDetails.swift; sourceTree = "<group>"; };
		B63015AF2C0799C10095A695 /* LocationViewModel.swift */ = {isa = PBXFileReference; lastKnownFileType = sourcecode.swift; path = LocationViewModel.swift; sourceTree = "<group>"; };
		B63015B42C0A5C4E0095A695 /* TrainingPlan.swift */ = {isa = PBXFileReference; lastKnownFileType = sourcecode.swift; path = TrainingPlan.swift; sourceTree = "<group>"; };
		B63015B62C0A71A60095A695 /* WeeklyRuns.swift */ = {isa = PBXFileReference; lastKnownFileType = sourcecode.swift; path = WeeklyRuns.swift; sourceTree = "<group>"; };
		B6762E3E2C0B7E01004DE857 /* GoalPicker.swift */ = {isa = PBXFileReference; lastKnownFileType = sourcecode.swift; path = GoalPicker.swift; sourceTree = "<group>"; };
		B6762E402C0B8144004DE857 /* PlanPicker.swift */ = {isa = PBXFileReference; lastKnownFileType = sourcecode.swift; path = PlanPicker.swift; sourceTree = "<group>"; };
		B6762E422C0B9D62004DE857 /* HomeView.swift */ = {isa = PBXFileReference; lastKnownFileType = sourcecode.swift; path = HomeView.swift; sourceTree = "<group>"; };
		B6762E442C0BBA85004DE857 /* TrackView.swift */ = {isa = PBXFileReference; lastKnownFileType = sourcecode.swift; path = TrackView.swift; sourceTree = "<group>"; };
		B6762E4B2C0D031F004DE857 /* MusicManager.swift */ = {isa = PBXFileReference; lastKnownFileType = sourcecode.swift; path = MusicManager.swift; sourceTree = "<group>"; };
/* End PBXFileReference section */

/* Begin PBXFrameworksBuildPhase section */
		B60C5A0D2C0F34DA008B98D4 /* Frameworks */ = {
			isa = PBXFrameworksBuildPhase;
			buildActionMask = 2147483647;
			files = (
			);
			runOnlyForDeploymentPostprocessing = 0;
		};
		B63015402BFBBEED0095A695 /* Frameworks */ = {
			isa = PBXFrameworksBuildPhase;
			buildActionMask = 2147483647;
			files = (
				B63015632BFBCDC20095A695 /* FirebaseAuth in Frameworks */,
			);
			runOnlyForDeploymentPostprocessing = 0;
		};
/* End PBXFrameworksBuildPhase section */

/* Begin PBXGroup section */
		B60C5A032C0F329F008B98D4 /* Shared */ = {
			isa = PBXGroup;
			children = (
				B60C5A042C0F32AA008B98D4 /* Logger.swift */,
				B60C5A062C0F32F9008B98D4 /* HKWorkout+Statistics.swift */,
				B63015A52C0774370095A695 /* WorkoutManager.swift */,
				B60C5A082C0F3405008B98D4 /* WorkoutManager+watchOS.swift */,
				B60C5A0A2C0F3444008B98D4 /* WorkoutManager+iOS.swift */,
				B60C5A242C0F3635008B98D4 /* MetricsTimelineSchedule.swift */,
				B60C5A2F2C0F58E0008B98D4 /* ButtonLabel.swift */,
				B60C5A362C0F5970008B98D4 /* ElapsedTime.swift */,
			);
			path = Shared;
			sourceTree = "<group>";
		};
		B60C5A112C0F34DA008B98D4 /* MouseProjectWatch Watch App */ = {
			isa = PBXGroup;
			children = (
				B60C5A222C0F3528008B98D4 /* MouseProjectWatch-Watch-App-Info.plist */,
				B60C5A212C0F351D008B98D4 /* MouseProjectWatch Watch App.entitlements */,
				B60C5A122C0F34DA008B98D4 /* MouseProjectWatchApp.swift */,
				B60C5A142C0F34DA008B98D4 /* ContentView.swift */,
				B60C5A262C0F580F008B98D4 /* AppDelegate.swift */,
				B60C5A2B2C0F5893008B98D4 /* PagingView.swift */,
				B60C5A2D2C0F58A9008B98D4 /* ControlsView.swift */,
				B60C5A322C0F590A008B98D4 /* MetricsView.swift */,
				B60C5A342C0F5938008B98D4 /* SummaryView.swift */,
				B60C5A162C0F34DB008B98D4 /* Assets.xcassets */,
				B60C5A182C0F34DB008B98D4 /* Preview Content */,
			);
			path = "MouseProjectWatch Watch App";
			sourceTree = "<group>";
		};
		B60C5A182C0F34DB008B98D4 /* Preview Content */ = {
			isa = PBXGroup;
			children = (
				B60C5A192C0F34DB008B98D4 /* Preview Assets.xcassets */,
			);
			path = "Preview Content";
			sourceTree = "<group>";
		};
		B630153A2BFBBEED0095A695 = {
			isa = PBXGroup;
			children = (
				B63015642BFBCDF50095A695 /* GoogleService-Info.plist */,
				B60C5A032C0F329F008B98D4 /* Shared */,
				B63015452BFBBEED0095A695 /* MouseProject */,
				B60C5A112C0F34DA008B98D4 /* MouseProjectWatch Watch App */,
				B63015442BFBBEED0095A695 /* Products */,
			);
			sourceTree = "<group>";
		};
		B63015442BFBBEED0095A695 /* Products */ = {
			isa = PBXGroup;
			children = (
				B63015432BFBBEED0095A695 /* MouseProject.app */,
				B60C5A102C0F34DA008B98D4 /* MouseProjectWatch Watch App.app */,
			);
			name = Products;
			sourceTree = "<group>";
		};
		B63015452BFBBEED0095A695 /* MouseProject */ = {
			isa = PBXGroup;
			children = (
				B63015AC2C077C280095A695 /* MouseProject.entitlements */,
				B63015A92C0778D00095A695 /* Info.plist */,
				B63015462BFBBEED0095A695 /* MouseProjectApp.swift */,
				B63015712BFE59CC0095A695 /* Models */,
				B630157C2BFE7C0A0095A695 /* Setup */,
				B630155E2BFBCCE60095A695 /* Utilities */,
				B63015692BFE41760095A695 /* Home */,
				B6762E462C0CFF79004DE857 /* Activity */,
				B630154A2BFBBEEF0095A695 /* Assets.xcassets */,
				B630154C2BFBBEEF0095A695 /* Preview Content */,
			);
			path = MouseProject;
			sourceTree = "<group>";
		};
		B630154C2BFBBEEF0095A695 /* Preview Content */ = {
			isa = PBXGroup;
			children = (
				B630154D2BFBBEEF0095A695 /* Preview Assets.xcassets */,
			);
			path = "Preview Content";
			sourceTree = "<group>";
		};
		B630155E2BFBCCE60095A695 /* Utilities */ = {
			isa = PBXGroup;
			children = (
				B63015662BFBCECC0095A695 /* Managers */,
				B630155F2BFBCCF40095A695 /* LoginView.swift */,
			);
			path = Utilities;
			sourceTree = "<group>";
		};
		B63015662BFBCECC0095A695 /* Managers */ = {
			isa = PBXGroup;
			children = (
				B63015672BFBCEDB0095A695 /* AuthManager.swift */,
			);
			path = Managers;
			sourceTree = "<group>";
		};
		B63015692BFE41760095A695 /* Home */ = {
			isa = PBXGroup;
			children = (
				B63015832C0638470095A695 /* RunView */,
				B630156E2BFE597F0095A695 /* Shelves */,
				B6762E422C0B9D62004DE857 /* HomeView.swift */,
			);
			path = Home;
			sourceTree = "<group>";
		};
		B630156E2BFE597F0095A695 /* Shelves */ = {
			isa = PBXGroup;
			children = (
				B630157D2C06283B0095A695 /* RunView.swift */,
				B630157F2C0635FC0095A695 /* CuratedRun.swift */,
				B63015932C066DD80095A695 /* HomeHeader.swift */,
			);
			path = Shelves;
			sourceTree = "<group>";
		};
		B63015712BFE59CC0095A695 /* Models */ = {
			isa = PBXGroup;
			children = (
				B63015B12C0A3B090095A695 /* Data */,
				B63015992C07453F0095A695 /* CDN */,
			);
			path = Models;
			sourceTree = "<group>";
		};
		B630157C2BFE7C0A0095A695 /* Setup */ = {
			isa = PBXGroup;
			children = (
				B63015A42C0773DA0095A695 /* Permissions */,
				B63015892C0660C80095A695 /* WelcomeView.swift */,
				B630158B2C06643E0095A695 /* RollingView.swift */,
				B63015AD2C077DBB0095A695 /* PermissionDetails.swift */,
				B63015AA2C0779B50095A695 /* HealthPermission.swift */,
				B60C59DD2C0E777F008B98D4 /* MusicPermission.swift */,
				B6762E3E2C0B7E01004DE857 /* GoalPicker.swift */,
				B6762E402C0B8144004DE857 /* PlanPicker.swift */,
				B63015952C06773B0095A695 /* TrainingPlanItem.swift */,
				B63015912C066BBE0095A695 /* GetStarted.swift */,
			);
			path = Setup;
			sourceTree = "<group>";
		};
		B63015832C0638470095A695 /* RunView */ = {
			isa = PBXGroup;
			children = (
				B63015872C0638890095A695 /* DetailRunView.swift */,
				B6762E442C0BBA85004DE857 /* TrackView.swift */,
			);
			path = RunView;
			sourceTree = "<group>";
		};
		B63015992C07453F0095A695 /* CDN */ = {
			isa = PBXGroup;
			children = (
				B63015972C07428E0095A695 /* DataResponse.swift */,
				B630159A2C0745700095A695 /* GraphQLResult.swift */,
				B630159C2C0745940095A695 /* GraphQLAPI.swift */,
				B630159E2C0745C00095A695 /* APIService.swift */,
				B63015A02C0745DB0095A695 /* URLSession+Async.swift */,
				B63015A22C07460D0095A695 /* GraphQLOperation.swift */,
			);
			path = CDN;
			sourceTree = "<group>";
		};
		B63015A42C0773DA0095A695 /* Permissions */ = {
			isa = PBXGroup;
			children = (
				B63015AF2C0799C10095A695 /* LocationViewModel.swift */,
			);
			path = Permissions;
			sourceTree = "<group>";
		};
		B63015B12C0A3B090095A695 /* Data */ = {
			isa = PBXGroup;
			children = (
				B63015B42C0A5C4E0095A695 /* TrainingPlan.swift */,
				B63015B62C0A71A60095A695 /* WeeklyRuns.swift */,
			);
			path = Data;
			sourceTree = "<group>";
		};
		B6762E462C0CFF79004DE857 /* Activity */ = {
			isa = PBXGroup;
			children = (
				B6762E482C0CFFEA004DE857 /* ViewModel */,
				B6762E472C0CFFE1004DE857 /* Views */,
			);
			path = Activity;
			sourceTree = "<group>";
		};
		B6762E472C0CFFE1004DE857 /* Views */ = {
			isa = PBXGroup;
			children = (
				B60C59D32C0DFE2E008B98D4 /* DeepBlueGradient.swift */,
				B60C59D52C0E00C9008B98D4 /* Playbacktest.swift */,
				B60C59DF2C0E7DE4008B98D4 /* StatsView.swift */,
				B60C59D92C0E15F4008B98D4 /* ActivityView.swift */,
				B60C5A3B2C0F66ED008B98D4 /* Performance Bar.swift */,
				B60C59DB2C0E1638008B98D4 /* PlayerView.swift */,
				B60C5A3D2C0F6F23008B98D4 /* WrappedView.swift */,
			);
			path = Views;
			sourceTree = "<group>";
		};
		B6762E482C0CFFEA004DE857 /* ViewModel */ = {
			isa = PBXGroup;
			children = (
				B6762E4B2C0D031F004DE857 /* MusicManager.swift */,
			);
			path = ViewModel;
			sourceTree = "<group>";
		};
/* End PBXGroup section */

/* Begin PBXNativeTarget section */
		B60C5A0F2C0F34DA008B98D4 /* MouseProjectWatch Watch App */ = {
			isa = PBXNativeTarget;
			buildConfigurationList = B60C5A1E2C0F34DB008B98D4 /* Build configuration list for PBXNativeTarget "MouseProjectWatch Watch App" */;
			buildPhases = (
				B60C5A0C2C0F34DA008B98D4 /* Sources */,
				B60C5A0D2C0F34DA008B98D4 /* Frameworks */,
				B60C5A0E2C0F34DA008B98D4 /* Resources */,
			);
			buildRules = (
			);
			dependencies = (
			);
			name = "MouseProjectWatch Watch App";
			productName = "MouseProjectWatch Watch App";
			productReference = B60C5A102C0F34DA008B98D4 /* MouseProjectWatch Watch App.app */;
			productType = "com.apple.product-type.application";
		};
		B63015422BFBBEED0095A695 /* MouseProject */ = {
			isa = PBXNativeTarget;
			buildConfigurationList = B63015512BFBBEEF0095A695 /* Build configuration list for PBXNativeTarget "MouseProject" */;
			buildPhases = (
				B630153F2BFBBEED0095A695 /* Sources */,
				B63015402BFBBEED0095A695 /* Frameworks */,
				B63015412BFBBEED0095A695 /* Resources */,
				B60C59F62C0E84B7008B98D4 /* Embed Watch Content */,
			);
			buildRules = (
			);
			dependencies = (
				B60C5A1C2C0F34DB008B98D4 /* PBXTargetDependency */,
			);
			name = MouseProject;
			packageProductDependencies = (
				B63015622BFBCDC20095A695 /* FirebaseAuth */,
			);
			productName = MouseProject;
			productReference = B63015432BFBBEED0095A695 /* MouseProject.app */;
			productType = "com.apple.product-type.application";
		};
/* End PBXNativeTarget section */

/* Begin PBXProject section */
		B630153B2BFBBEED0095A695 /* Project object */ = {
			isa = PBXProject;
			attributes = {
				BuildIndependentTargetsInParallel = 1;
				LastSwiftUpdateCheck = 1540;
				LastUpgradeCheck = 1540;
				TargetAttributes = {
					B60C5A0F2C0F34DA008B98D4 = {
						CreatedOnToolsVersion = 15.4;
					};
					B63015422BFBBEED0095A695 = {
						CreatedOnToolsVersion = 15.4;
					};
				};
			};
			buildConfigurationList = B630153E2BFBBEED0095A695 /* Build configuration list for PBXProject "MouseProject" */;
			compatibilityVersion = "Xcode 14.0";
			developmentRegion = en;
			hasScannedForEncodings = 0;
			knownRegions = (
				en,
				Base,
			);
			mainGroup = B630153A2BFBBEED0095A695;
			packageReferences = (
				B63015612BFBCDC20095A695 /* XCRemoteSwiftPackageReference "firebase-ios-sdk" */,
			);
			productRefGroup = B63015442BFBBEED0095A695 /* Products */;
			projectDirPath = "";
			projectRoot = "";
			targets = (
				B63015422BFBBEED0095A695 /* MouseProject */,
				B60C5A0F2C0F34DA008B98D4 /* MouseProjectWatch Watch App */,
			);
		};
/* End PBXProject section */

/* Begin PBXResourcesBuildPhase section */
		B60C5A0E2C0F34DA008B98D4 /* Resources */ = {
			isa = PBXResourcesBuildPhase;
			buildActionMask = 2147483647;
			files = (
				B60C5A1A2C0F34DB008B98D4 /* Preview Assets.xcassets in Resources */,
				B60C5A172C0F34DB008B98D4 /* Assets.xcassets in Resources */,
			);
			runOnlyForDeploymentPostprocessing = 0;
		};
		B63015412BFBBEED0095A695 /* Resources */ = {
			isa = PBXResourcesBuildPhase;
			buildActionMask = 2147483647;
			files = (
				B630154E2BFBBEEF0095A695 /* Preview Assets.xcassets in Resources */,
				B630154B2BFBBEEF0095A695 /* Assets.xcassets in Resources */,
				B63015652BFBCDF50095A695 /* GoogleService-Info.plist in Resources */,
			);
			runOnlyForDeploymentPostprocessing = 0;
		};
/* End PBXResourcesBuildPhase section */

/* Begin PBXSourcesBuildPhase section */
		B60C5A0C2C0F34DA008B98D4 /* Sources */ = {
			isa = PBXSourcesBuildPhase;
			buildActionMask = 2147483647;
			files = (
				B60C5A302C0F58E0008B98D4 /* ButtonLabel.swift in Sources */,
				B60C5A272C0F580F008B98D4 /* AppDelegate.swift in Sources */,
				B60C5A2A2C0F585C008B98D4 /* Logger.swift in Sources */,
				B60C5A232C0F35BB008B98D4 /* WorkoutManager+watchOS.swift in Sources */,
				B60C5A2C2C0F5893008B98D4 /* PagingView.swift in Sources */,
				B60C5A2E2C0F58A9008B98D4 /* ControlsView.swift in Sources */,
				B60C5A332C0F590A008B98D4 /* MetricsView.swift in Sources */,
				B60C5A282C0F582C008B98D4 /* WorkoutManager.swift in Sources */,
				B60C5A152C0F34DA008B98D4 /* ContentView.swift in Sources */,
				B60C5A392C0F59B3008B98D4 /* HKWorkout+Statistics.swift in Sources */,
				B60C5A382C0F5996008B98D4 /* MetricsTimelineSchedule.swift in Sources */,
				B60C5A372C0F5970008B98D4 /* ElapsedTime.swift in Sources */,
				B60C5A132C0F34DA008B98D4 /* MouseProjectWatchApp.swift in Sources */,
				B60C5A352C0F5938008B98D4 /* SummaryView.swift in Sources */,
			);
			runOnlyForDeploymentPostprocessing = 0;
		};
		B630153F2BFBBEED0095A695 /* Sources */ = {
			isa = PBXSourcesBuildPhase;
			buildActionMask = 2147483647;
			files = (
				B63015802C0635FC0095A695 /* CuratedRun.swift in Sources */,
				B60C5A3C2C0F66ED008B98D4 /* Performance Bar.swift in Sources */,
				B63015A12C0745DB0095A695 /* URLSession+Async.swift in Sources */,
				B63015AB2C0779B50095A695 /* HealthPermission.swift in Sources */,
				B60C59DC2C0E1638008B98D4 /* PlayerView.swift in Sources */,
				B6762E412C0B8144004DE857 /* PlanPicker.swift in Sources */,
				B60C5A0B2C0F3444008B98D4 /* WorkoutManager+iOS.swift in Sources */,
				B6762E4C2C0D031F004DE857 /* MusicManager.swift in Sources */,
				B630158A2C0660C80095A695 /* WelcomeView.swift in Sources */,
				B630157E2C06283B0095A695 /* RunView.swift in Sources */,
				B60C5A3A2C0F5CC0008B98D4 /* ElapsedTime.swift in Sources */,
				B60C59D42C0DFE2E008B98D4 /* DeepBlueGradient.swift in Sources */,
				B63015942C066DD80095A695 /* HomeHeader.swift in Sources */,
				B63015B02C0799C10095A695 /* LocationViewModel.swift in Sources */,
				B63015682BFBCEDB0095A695 /* AuthManager.swift in Sources */,
				B60C59E02C0E7DE4008B98D4 /* StatsView.swift in Sources */,
				B63015602BFBCCF40095A695 /* LoginView.swift in Sources */,
				B630158C2C06643E0095A695 /* RollingView.swift in Sources */,
				B630159B2C0745700095A695 /* GraphQLResult.swift in Sources */,
				B63015962C06773B0095A695 /* TrainingPlanItem.swift in Sources */,
				B60C5A072C0F32F9008B98D4 /* HKWorkout+Statistics.swift in Sources */,
				B63015AE2C077DBB0095A695 /* PermissionDetails.swift in Sources */,
				B63015472BFBBEED0095A695 /* MouseProjectApp.swift in Sources */,
				B60C59D62C0E00C9008B98D4 /* Playbacktest.swift in Sources */,
				B6762E432C0B9D62004DE857 /* HomeView.swift in Sources */,
				B63015B52C0A5C4E0095A695 /* TrainingPlan.swift in Sources */,
				B63015A62C0774370095A695 /* WorkoutManager.swift in Sources */,
				B60C59DA2C0E15F4008B98D4 /* ActivityView.swift in Sources */,
				B63015922C066BBE0095A695 /* GetStarted.swift in Sources */,
				B60C5A312C0F58ED008B98D4 /* ButtonLabel.swift in Sources */,
				B60C5A052C0F32AA008B98D4 /* Logger.swift in Sources */,
				B630159D2C0745940095A695 /* GraphQLAPI.swift in Sources */,
				B63015B72C0A71A60095A695 /* WeeklyRuns.swift in Sources */,
				B63015882C0638890095A695 /* DetailRunView.swift in Sources */,
				B60C5A252C0F3635008B98D4 /* MetricsTimelineSchedule.swift in Sources */,
				B6762E452C0BBA85004DE857 /* TrackView.swift in Sources */,
				B6762E3F2C0B7E01004DE857 /* GoalPicker.swift in Sources */,
				B630159F2C0745C00095A695 /* APIService.swift in Sources */,
				B60C59DE2C0E777F008B98D4 /* MusicPermission.swift in Sources */,
				B63015982C07428E0095A695 /* DataResponse.swift in Sources */,
				B60C5A3E2C0F6F23008B98D4 /* WrappedView.swift in Sources */,
				B63015A32C07460D0095A695 /* GraphQLOperation.swift in Sources */,
			);
			runOnlyForDeploymentPostprocessing = 0;
		};
/* End PBXSourcesBuildPhase section */

/* Begin PBXTargetDependency section */
		B60C5A1C2C0F34DB008B98D4 /* PBXTargetDependency */ = {
			isa = PBXTargetDependency;
			target = B60C5A0F2C0F34DA008B98D4 /* MouseProjectWatch Watch App */;
			targetProxy = B60C5A1B2C0F34DB008B98D4 /* PBXContainerItemProxy */;
		};
/* End PBXTargetDependency section */

/* Begin XCBuildConfiguration section */
		B60C5A1F2C0F34DB008B98D4 /* Debug */ = {
			isa = XCBuildConfiguration;
			buildSettings = {
				ASSETCATALOG_COMPILER_APPICON_NAME = AppIcon;
				ASSETCATALOG_COMPILER_GLOBAL_ACCENT_COLOR_NAME = AccentColor;
				CODE_SIGN_ENTITLEMENTS = "MouseProjectWatch Watch App/MouseProjectWatch Watch App.entitlements";
				CODE_SIGN_STYLE = Automatic;
				CURRENT_PROJECT_VERSION = 1;
				DEVELOPMENT_ASSET_PATHS = "\"MouseProjectWatch Watch App/Preview Content\"";
				DEVELOPMENT_TEAM = M8VYRKA2RH;
				ENABLE_PREVIEWS = YES;
				GENERATE_INFOPLIST_FILE = YES;
				INFOPLIST_FILE = "MouseProjectWatch-Watch-App-Info.plist";
				INFOPLIST_KEY_CFBundleDisplayName = MouseProjectWatch;
				INFOPLIST_KEY_NSHealthShareUsageDescription = "We need permission to share your workout data to the Fitness App.";
				INFOPLIST_KEY_NSHealthUpdateUsageDescription = "Workouts Tracked by the Watch will be updated to HealthApp";
				INFOPLIST_KEY_UISupportedInterfaceOrientations = "UIInterfaceOrientationPortrait UIInterfaceOrientationPortraitUpsideDown";
				INFOPLIST_KEY_WKCompanionAppBundleIdentifier = com.ImranRazak.MouseProjectiOS;
				LD_RUNPATH_SEARCH_PATHS = (
					"$(inherited)",
					"@executable_path/Frameworks",
				);
				MARKETING_VERSION = 1.0;
				PRODUCT_BUNDLE_IDENTIFIER = com.ImranRazak.MouseProjectiOS.watchkitapp;
				PRODUCT_NAME = "$(TARGET_NAME)";
				SDKROOT = watchos;
				SKIP_INSTALL = YES;
				SWIFT_EMIT_LOC_STRINGS = YES;
				SWIFT_VERSION = 5.0;
				TARGETED_DEVICE_FAMILY = 4;
				WATCHOS_DEPLOYMENT_TARGET = 10.5;
			};
			name = Debug;
		};
		B60C5A202C0F34DB008B98D4 /* Release */ = {
			isa = XCBuildConfiguration;
			buildSettings = {
				ASSETCATALOG_COMPILER_APPICON_NAME = AppIcon;
				ASSETCATALOG_COMPILER_GLOBAL_ACCENT_COLOR_NAME = AccentColor;
				CODE_SIGN_ENTITLEMENTS = "MouseProjectWatch Watch App/MouseProjectWatch Watch App.entitlements";
				CODE_SIGN_STYLE = Automatic;
				CURRENT_PROJECT_VERSION = 1;
				DEVELOPMENT_ASSET_PATHS = "\"MouseProjectWatch Watch App/Preview Content\"";
				DEVELOPMENT_TEAM = M8VYRKA2RH;
				ENABLE_PREVIEWS = YES;
				GENERATE_INFOPLIST_FILE = YES;
				INFOPLIST_FILE = "MouseProjectWatch-Watch-App-Info.plist";
				INFOPLIST_KEY_CFBundleDisplayName = MouseProjectWatch;
				INFOPLIST_KEY_NSHealthShareUsageDescription = "We need permission to share your workout data to the Fitness App.";
				INFOPLIST_KEY_NSHealthUpdateUsageDescription = "Workouts Tracked by the Watch will be updated to HealthApp";
				INFOPLIST_KEY_UISupportedInterfaceOrientations = "UIInterfaceOrientationPortrait UIInterfaceOrientationPortraitUpsideDown";
				INFOPLIST_KEY_WKCompanionAppBundleIdentifier = com.ImranRazak.MouseProjectiOS;
				LD_RUNPATH_SEARCH_PATHS = (
					"$(inherited)",
					"@executable_path/Frameworks",
				);
				MARKETING_VERSION = 1.0;
				PRODUCT_BUNDLE_IDENTIFIER = com.ImranRazak.MouseProjectiOS.watchkitapp;
				PRODUCT_NAME = "$(TARGET_NAME)";
				SDKROOT = watchos;
				SKIP_INSTALL = YES;
				SWIFT_EMIT_LOC_STRINGS = YES;
				SWIFT_VERSION = 5.0;
				TARGETED_DEVICE_FAMILY = 4;
				WATCHOS_DEPLOYMENT_TARGET = 10.5;
			};
			name = Release;
		};
		B630154F2BFBBEEF0095A695 /* Debug */ = {
			isa = XCBuildConfiguration;
			buildSettings = {
				ALWAYS_SEARCH_USER_PATHS = NO;
				ASSETCATALOG_COMPILER_GENERATE_SWIFT_ASSET_SYMBOL_EXTENSIONS = YES;
				CLANG_ANALYZER_NONNULL = YES;
				CLANG_ANALYZER_NUMBER_OBJECT_CONVERSION = YES_AGGRESSIVE;
				CLANG_CXX_LANGUAGE_STANDARD = "gnu++20";
				CLANG_ENABLE_MODULES = YES;
				CLANG_ENABLE_OBJC_ARC = YES;
				CLANG_ENABLE_OBJC_WEAK = YES;
				CLANG_WARN_BLOCK_CAPTURE_AUTORELEASING = YES;
				CLANG_WARN_BOOL_CONVERSION = YES;
				CLANG_WARN_COMMA = YES;
				CLANG_WARN_CONSTANT_CONVERSION = YES;
				CLANG_WARN_DEPRECATED_OBJC_IMPLEMENTATIONS = YES;
				CLANG_WARN_DIRECT_OBJC_ISA_USAGE = YES_ERROR;
				CLANG_WARN_DOCUMENTATION_COMMENTS = YES;
				CLANG_WARN_EMPTY_BODY = YES;
				CLANG_WARN_ENUM_CONVERSION = YES;
				CLANG_WARN_INFINITE_RECURSION = YES;
				CLANG_WARN_INT_CONVERSION = YES;
				CLANG_WARN_NON_LITERAL_NULL_CONVERSION = YES;
				CLANG_WARN_OBJC_IMPLICIT_RETAIN_SELF = YES;
				CLANG_WARN_OBJC_LITERAL_CONVERSION = YES;
				CLANG_WARN_OBJC_ROOT_CLASS = YES_ERROR;
				CLANG_WARN_QUOTED_INCLUDE_IN_FRAMEWORK_HEADER = YES;
				CLANG_WARN_RANGE_LOOP_ANALYSIS = YES;
				CLANG_WARN_STRICT_PROTOTYPES = YES;
				CLANG_WARN_SUSPICIOUS_MOVE = YES;
				CLANG_WARN_UNGUARDED_AVAILABILITY = YES_AGGRESSIVE;
				CLANG_WARN_UNREACHABLE_CODE = YES;
				CLANG_WARN__DUPLICATE_METHOD_MATCH = YES;
				COPY_PHASE_STRIP = NO;
				DEBUG_INFORMATION_FORMAT = dwarf;
				ENABLE_STRICT_OBJC_MSGSEND = YES;
				ENABLE_TESTABILITY = YES;
				ENABLE_USER_SCRIPT_SANDBOXING = YES;
				GCC_C_LANGUAGE_STANDARD = gnu17;
				GCC_DYNAMIC_NO_PIC = NO;
				GCC_NO_COMMON_BLOCKS = YES;
				GCC_OPTIMIZATION_LEVEL = 0;
				GCC_PREPROCESSOR_DEFINITIONS = (
					"DEBUG=1",
					"$(inherited)",
				);
				GCC_WARN_64_TO_32_BIT_CONVERSION = YES;
				GCC_WARN_ABOUT_RETURN_TYPE = YES_ERROR;
				GCC_WARN_UNDECLARED_SELECTOR = YES;
				GCC_WARN_UNINITIALIZED_AUTOS = YES_AGGRESSIVE;
				GCC_WARN_UNUSED_FUNCTION = YES;
				GCC_WARN_UNUSED_VARIABLE = YES;
				IPHONEOS_DEPLOYMENT_TARGET = 17.0;
				LOCALIZATION_PREFERS_STRING_CATALOGS = YES;
				MTL_ENABLE_DEBUG_INFO = INCLUDE_SOURCE;
				MTL_FAST_MATH = YES;
				ONLY_ACTIVE_ARCH = YES;
				SDKROOT = iphoneos;
				SWIFT_ACTIVE_COMPILATION_CONDITIONS = "DEBUG $(inherited)";
				SWIFT_OPTIMIZATION_LEVEL = "-Onone";
			};
			name = Debug;
		};
		B63015502BFBBEEF0095A695 /* Release */ = {
			isa = XCBuildConfiguration;
			buildSettings = {
				ALWAYS_SEARCH_USER_PATHS = NO;
				ASSETCATALOG_COMPILER_GENERATE_SWIFT_ASSET_SYMBOL_EXTENSIONS = YES;
				CLANG_ANALYZER_NONNULL = YES;
				CLANG_ANALYZER_NUMBER_OBJECT_CONVERSION = YES_AGGRESSIVE;
				CLANG_CXX_LANGUAGE_STANDARD = "gnu++20";
				CLANG_ENABLE_MODULES = YES;
				CLANG_ENABLE_OBJC_ARC = YES;
				CLANG_ENABLE_OBJC_WEAK = YES;
				CLANG_WARN_BLOCK_CAPTURE_AUTORELEASING = YES;
				CLANG_WARN_BOOL_CONVERSION = YES;
				CLANG_WARN_COMMA = YES;
				CLANG_WARN_CONSTANT_CONVERSION = YES;
				CLANG_WARN_DEPRECATED_OBJC_IMPLEMENTATIONS = YES;
				CLANG_WARN_DIRECT_OBJC_ISA_USAGE = YES_ERROR;
				CLANG_WARN_DOCUMENTATION_COMMENTS = YES;
				CLANG_WARN_EMPTY_BODY = YES;
				CLANG_WARN_ENUM_CONVERSION = YES;
				CLANG_WARN_INFINITE_RECURSION = YES;
				CLANG_WARN_INT_CONVERSION = YES;
				CLANG_WARN_NON_LITERAL_NULL_CONVERSION = YES;
				CLANG_WARN_OBJC_IMPLICIT_RETAIN_SELF = YES;
				CLANG_WARN_OBJC_LITERAL_CONVERSION = YES;
				CLANG_WARN_OBJC_ROOT_CLASS = YES_ERROR;
				CLANG_WARN_QUOTED_INCLUDE_IN_FRAMEWORK_HEADER = YES;
				CLANG_WARN_RANGE_LOOP_ANALYSIS = YES;
				CLANG_WARN_STRICT_PROTOTYPES = YES;
				CLANG_WARN_SUSPICIOUS_MOVE = YES;
				CLANG_WARN_UNGUARDED_AVAILABILITY = YES_AGGRESSIVE;
				CLANG_WARN_UNREACHABLE_CODE = YES;
				CLANG_WARN__DUPLICATE_METHOD_MATCH = YES;
				COPY_PHASE_STRIP = NO;
				DEBUG_INFORMATION_FORMAT = "dwarf-with-dsym";
				ENABLE_NS_ASSERTIONS = NO;
				ENABLE_STRICT_OBJC_MSGSEND = YES;
				ENABLE_USER_SCRIPT_SANDBOXING = YES;
				GCC_C_LANGUAGE_STANDARD = gnu17;
				GCC_NO_COMMON_BLOCKS = YES;
				GCC_WARN_64_TO_32_BIT_CONVERSION = YES;
				GCC_WARN_ABOUT_RETURN_TYPE = YES_ERROR;
				GCC_WARN_UNDECLARED_SELECTOR = YES;
				GCC_WARN_UNINITIALIZED_AUTOS = YES_AGGRESSIVE;
				GCC_WARN_UNUSED_FUNCTION = YES;
				GCC_WARN_UNUSED_VARIABLE = YES;
				IPHONEOS_DEPLOYMENT_TARGET = 17.0;
				LOCALIZATION_PREFERS_STRING_CATALOGS = YES;
				MTL_ENABLE_DEBUG_INFO = NO;
				MTL_FAST_MATH = YES;
				SDKROOT = iphoneos;
				SWIFT_COMPILATION_MODE = wholemodule;
				VALIDATE_PRODUCT = YES;
			};
			name = Release;
		};
		B63015522BFBBEEF0095A695 /* Debug */ = {
			isa = XCBuildConfiguration;
			buildSettings = {
				ALWAYS_EMBED_SWIFT_STANDARD_LIBRARIES = YES;
				ASSETCATALOG_COMPILER_APPICON_NAME = AppIcon;
				ASSETCATALOG_COMPILER_GLOBAL_ACCENT_COLOR_NAME = AccentColor;
				CODE_SIGN_ENTITLEMENTS = MouseProject/MouseProject.entitlements;
				CODE_SIGN_STYLE = Automatic;
				CURRENT_PROJECT_VERSION = 1;
				DEVELOPMENT_ASSET_PATHS = "\"MouseProject/Preview Content\"";
				DEVELOPMENT_TEAM = M8VYRKA2RH;
				ENABLE_PREVIEWS = YES;
				GENERATE_INFOPLIST_FILE = YES;
				INFOPLIST_FILE = MouseProject/Info.plist;
				INFOPLIST_KEY_NSAppleMusicUsageDescription = "We need to access Music for music during runs.";
				INFOPLIST_KEY_NSHealthShareUsageDescription = "We need to read your steps count for your Feel Good Points";
				INFOPLIST_KEY_NSHealthUpdateUsageDescription = "We need to update the health app";
				INFOPLIST_KEY_NSLocationAlwaysAndWhenInUseUsageDescription = "We need your location whilst you are running to trace and display weather.";
				INFOPLIST_KEY_NSLocationUsageDescription = "We need your location whilst you are running to trace and display weather.";
				INFOPLIST_KEY_NSLocationWhenInUseUsageDescription = "We need your location whilst you are running to trace and display weather.";
				INFOPLIST_KEY_UIApplicationSceneManifest_Generation = YES;
				INFOPLIST_KEY_UIApplicationSupportsIndirectInputEvents = YES;
				INFOPLIST_KEY_UILaunchScreen_Generation = YES;
				INFOPLIST_KEY_UISupportedInterfaceOrientations = UIInterfaceOrientationPortrait;
				INFOPLIST_KEY_UISupportedInterfaceOrientations_iPad = "UIInterfaceOrientationLandscapeLeft UIInterfaceOrientationLandscapeRight UIInterfaceOrientationPortrait UIInterfaceOrientationPortraitUpsideDown";
				IPHONEOS_DEPLOYMENT_TARGET = 17.0;
				LD_RUNPATH_SEARCH_PATHS = (
					"$(inherited)",
					"@executable_path/Frameworks",
				);
				MARKETING_VERSION = 1.0;
				PRODUCT_BUNDLE_IDENTIFIER = com.ImranRazak.MouseProjectiOS;
				PRODUCT_NAME = "$(TARGET_NAME)";
				SUPPORTED_PLATFORMS = "iphoneos iphonesimulator";
				SUPPORTS_MACCATALYST = NO;
				SUPPORTS_MAC_DESIGNED_FOR_IPHONE_IPAD = NO;
				SUPPORTS_XR_DESIGNED_FOR_IPHONE_IPAD = NO;
				SWIFT_EMIT_LOC_STRINGS = YES;
				SWIFT_VERSION = 5.0;
				TARGETED_DEVICE_FAMILY = 1;
			};
			name = Debug;
		};
		B63015532BFBBEEF0095A695 /* Release */ = {
			isa = XCBuildConfiguration;
			buildSettings = {
				ALWAYS_EMBED_SWIFT_STANDARD_LIBRARIES = YES;
				ASSETCATALOG_COMPILER_APPICON_NAME = AppIcon;
				ASSETCATALOG_COMPILER_GLOBAL_ACCENT_COLOR_NAME = AccentColor;
				CODE_SIGN_ENTITLEMENTS = MouseProject/MouseProject.entitlements;
				CODE_SIGN_STYLE = Automatic;
				CURRENT_PROJECT_VERSION = 1;
				DEVELOPMENT_ASSET_PATHS = "\"MouseProject/Preview Content\"";
				DEVELOPMENT_TEAM = M8VYRKA2RH;
				ENABLE_PREVIEWS = YES;
				GENERATE_INFOPLIST_FILE = YES;
				INFOPLIST_FILE = MouseProject/Info.plist;
				INFOPLIST_KEY_NSAppleMusicUsageDescription = "We need to access Music for music during runs.";
				INFOPLIST_KEY_NSHealthShareUsageDescription = "We need to read your steps count for your Feel Good Points";
				INFOPLIST_KEY_NSHealthUpdateUsageDescription = "We need to update the health app";
				INFOPLIST_KEY_NSLocationAlwaysAndWhenInUseUsageDescription = "We need your location whilst you are running to trace and display weather.";
				INFOPLIST_KEY_NSLocationUsageDescription = "We need your location whilst you are running to trace and display weather.";
				INFOPLIST_KEY_NSLocationWhenInUseUsageDescription = "We need your location whilst you are running to trace and display weather.";
				INFOPLIST_KEY_UIApplicationSceneManifest_Generation = YES;
				INFOPLIST_KEY_UIApplicationSupportsIndirectInputEvents = YES;
				INFOPLIST_KEY_UILaunchScreen_Generation = YES;
				INFOPLIST_KEY_UISupportedInterfaceOrientations = UIInterfaceOrientationPortrait;
				INFOPLIST_KEY_UISupportedInterfaceOrientations_iPad = "UIInterfaceOrientationLandscapeLeft UIInterfaceOrientationLandscapeRight UIInterfaceOrientationPortrait UIInterfaceOrientationPortraitUpsideDown";
				IPHONEOS_DEPLOYMENT_TARGET = 17.0;
				LD_RUNPATH_SEARCH_PATHS = (
					"$(inherited)",
					"@executable_path/Frameworks",
				);
				MARKETING_VERSION = 1.0;
				PRODUCT_BUNDLE_IDENTIFIER = com.ImranRazak.MouseProjectiOS;
				PRODUCT_NAME = "$(TARGET_NAME)";
				SUPPORTED_PLATFORMS = "iphoneos iphonesimulator";
				SUPPORTS_MACCATALYST = NO;
				SUPPORTS_MAC_DESIGNED_FOR_IPHONE_IPAD = NO;
				SUPPORTS_XR_DESIGNED_FOR_IPHONE_IPAD = NO;
				SWIFT_EMIT_LOC_STRINGS = YES;
				SWIFT_VERSION = 5.0;
				TARGETED_DEVICE_FAMILY = 1;
			};
			name = Release;
		};
/* End XCBuildConfiguration section */

/* Begin XCConfigurationList section */
		B60C5A1E2C0F34DB008B98D4 /* Build configuration list for PBXNativeTarget "MouseProjectWatch Watch App" */ = {
			isa = XCConfigurationList;
			buildConfigurations = (
				B60C5A1F2C0F34DB008B98D4 /* Debug */,
				B60C5A202C0F34DB008B98D4 /* Release */,
			);
			defaultConfigurationIsVisible = 0;
			defaultConfigurationName = Release;
		};
		B630153E2BFBBEED0095A695 /* Build configuration list for PBXProject "MouseProject" */ = {
			isa = XCConfigurationList;
			buildConfigurations = (
				B630154F2BFBBEEF0095A695 /* Debug */,
				B63015502BFBBEEF0095A695 /* Release */,
			);
			defaultConfigurationIsVisible = 0;
			defaultConfigurationName = Release;
		};
		B63015512BFBBEEF0095A695 /* Build configuration list for PBXNativeTarget "MouseProject" */ = {
			isa = XCConfigurationList;
			buildConfigurations = (
				B63015522BFBBEEF0095A695 /* Debug */,
				B63015532BFBBEEF0095A695 /* Release */,
			);
			defaultConfigurationIsVisible = 0;
			defaultConfigurationName = Release;
		};
/* End XCConfigurationList section */

/* Begin XCRemoteSwiftPackageReference section */
		B63015612BFBCDC20095A695 /* XCRemoteSwiftPackageReference "firebase-ios-sdk" */ = {
			isa = XCRemoteSwiftPackageReference;
			repositoryURL = "https://github.com/firebase/firebase-ios-sdk";
			requirement = {
				kind = upToNextMajorVersion;
				minimumVersion = 10.26.0;
			};
		};
/* End XCRemoteSwiftPackageReference section */

/* Begin XCSwiftPackageProductDependency section */
		B63015622BFBCDC20095A695 /* FirebaseAuth */ = {
			isa = XCSwiftPackageProductDependency;
			package = B63015612BFBCDC20095A695 /* XCRemoteSwiftPackageReference "firebase-ios-sdk" */;
			productName = FirebaseAuth;
		};
/* End XCSwiftPackageProductDependency section */
	};
	rootObject = B630153B2BFBBEED0095A695 /* Project object */;
}
